
Microsoft Visual Studio Solution File, Format Version 12.00
# Visual Studio Version 17
VisualStudioVersion = 17.1.32414.318
MinimumVisualStudioVersion = 10.0.40219.1
Project("{FAE04EC0-301F-11D3-BF4B-00C04F79EFBC}") = "ASPWebpage", "ASPWebpage\ASPWebpage.csproj", "{FDF02349-614A-4D6E-851F-6B71E07A141C}"
EndProject
Global
	GlobalSection(SolutionConfigurationPlatforms) = preSolution
		Debug|Any CPU = Debug|Any CPU
		Release|Any CPU = Release|Any CPU
	EndGlobalSection
	GlobalSection(ProjectConfigurationPlatforms) = postSolution
		{FDF02349-614A-4D6E-851F-6B71E07A141C}.Debug|Any CPU.ActiveCfg = Debug|Any CPU
		{FDF02349-614A-4D6E-851F-6B71E07A141C}.Debug|Any CPU.Build.0 = Debug|Any CPU
		{FDF02349-614A-4D6E-851F-6B71E07A141C}.Release|Any CPU.ActiveCfg = Release|Any CPU
		{FDF02349-614A-4D6E-851F-6B71E07A141C}.Release|Any CPU.Build.0 = Release|Any CPU
	EndGlobalSection
	GlobalSection(SolutionProperties) = preSolution
		HideSolutionNode = FALSE
	EndGlobalSection
	GlobalSection(ExtensibilityGlobals) = postSolution
		SolutionGuid = {B6F56093-62A8-48B9-A33F-F5C8500EBB4C}
	EndGlobalSection
EndGlobal
